// !$*UTF8*$!
{
	archiveVersion = 1;
	classes = {
	};
	objectVersion = 51;
	objects = {

/* Begin PBXBuildFile section */
		6656F45D24C373F200F44D06 /* TestCallApi.swift in Sources */ = {isa = PBXBuildFile; fileRef = 6656F45C24C373F200F44D06 /* TestCallApi.swift */; };
		66688A1824C111D700F93471 /* AppDelegate.swift in Sources */ = {isa = PBXBuildFile; fileRef = 66688A1724C111D700F93471 /* AppDelegate.swift */; };
		66688A1A24C111D700F93471 /* SceneDelegate.swift in Sources */ = {isa = PBXBuildFile; fileRef = 66688A1924C111D700F93471 /* SceneDelegate.swift */; };
		66688A1C24C111D700F93471 /* ViewController.swift in Sources */ = {isa = PBXBuildFile; fileRef = 66688A1B24C111D700F93471 /* ViewController.swift */; };
		66688A1F24C111D700F93471 /* Main.storyboard in Resources */ = {isa = PBXBuildFile; fileRef = 66688A1D24C111D700F93471 /* Main.storyboard */; };
		66688A2124C111DE00F93471 /* Assets.xcassets in Resources */ = {isa = PBXBuildFile; fileRef = 66688A2024C111DE00F93471 /* Assets.xcassets */; };
		66688A2424C111DF00F93471 /* LaunchScreen.storyboard in Resources */ = {isa = PBXBuildFile; fileRef = 66688A2224C111DF00F93471 /* LaunchScreen.storyboard */; };
		66688A2F24C111DF00F93471 /* RestContriesTests.swift in Sources */ = {isa = PBXBuildFile; fileRef = 66688A2E24C111DF00F93471 /* RestContriesTests.swift */; };
		66688A3A24C111DF00F93471 /* RestContriesUITests.swift in Sources */ = {isa = PBXBuildFile; fileRef = 66688A3924C111DF00F93471 /* RestContriesUITests.swift */; };
		66688A5B24C114BD00F93471 /* AppRoute.swift in Sources */ = {isa = PBXBuildFile; fileRef = 66688A5A24C114BD00F93471 /* AppRoute.swift */; };
		66688A5D24C114D900F93471 /* GeneralRoute.swift in Sources */ = {isa = PBXBuildFile; fileRef = 66688A5C24C114D900F93471 /* GeneralRoute.swift */; };
		66688A5F24C114F300F93471 /* NetworkService.swift in Sources */ = {isa = PBXBuildFile; fileRef = 66688A5E24C114F300F93471 /* NetworkService.swift */; };
		66688A6824C11F8800F93471 /* SearchCountryConfiguration.swift in Sources */ = {isa = PBXBuildFile; fileRef = 66688A6024C11F8800F93471 /* SearchCountryConfiguration.swift */; };
		66688A6924C11F8800F93471 /* SearchCountryPresenter.swift in Sources */ = {isa = PBXBuildFile; fileRef = 66688A6124C11F8800F93471 /* SearchCountryPresenter.swift */; };
		66688A6A24C11F8800F93471 /* SearchCountryWorker.swift in Sources */ = {isa = PBXBuildFile; fileRef = 66688A6224C11F8800F93471 /* SearchCountryWorker.swift */; };
		66688A6B24C11F8800F93471 /* SearchCountryRouter.swift in Sources */ = {isa = PBXBuildFile; fileRef = 66688A6324C11F8800F93471 /* SearchCountryRouter.swift */; };
		66688A6C24C11F8800F93471 /* SearchCountryViewController.swift in Sources */ = {isa = PBXBuildFile; fileRef = 66688A6424C11F8800F93471 /* SearchCountryViewController.swift */; };
		66688A6D24C11F8800F93471 /* SearchCountryInteractor.swift in Sources */ = {isa = PBXBuildFile; fileRef = 66688A6524C11F8800F93471 /* SearchCountryInteractor.swift */; };
		66688A6F24C11F8800F93471 /* SearchCountryViewController.xib in Resources */ = {isa = PBXBuildFile; fileRef = 66688A6724C11F8800F93471 /* SearchCountryViewController.xib */; };
		66688A7924C1204D00F93471 /* SearchCountryEndpoint.swift in Sources */ = {isa = PBXBuildFile; fileRef = 66688A7824C1204D00F93471 /* SearchCountryEndpoint.swift */; };
		66688A8324C1209500F93471 /* SelectedCountryConfiguration.swift in Sources */ = {isa = PBXBuildFile; fileRef = 66688A7B24C1209500F93471 /* SelectedCountryConfiguration.swift */; };
		66688A8424C1209500F93471 /* SelectedCountryPresenter.swift in Sources */ = {isa = PBXBuildFile; fileRef = 66688A7C24C1209500F93471 /* SelectedCountryPresenter.swift */; };
		66688A8524C1209500F93471 /* SelectedCountryWorker.swift in Sources */ = {isa = PBXBuildFile; fileRef = 66688A7D24C1209500F93471 /* SelectedCountryWorker.swift */; };
		66688A8624C1209500F93471 /* SelectedCountryRouter.swift in Sources */ = {isa = PBXBuildFile; fileRef = 66688A7E24C1209500F93471 /* SelectedCountryRouter.swift */; };
		66688A8724C1209500F93471 /* SelectedCountryViewController.swift in Sources */ = {isa = PBXBuildFile; fileRef = 66688A7F24C1209500F93471 /* SelectedCountryViewController.swift */; };
		66688A8824C1209500F93471 /* SelectedCountryInteractor.swift in Sources */ = {isa = PBXBuildFile; fileRef = 66688A8024C1209500F93471 /* SelectedCountryInteractor.swift */; };
		66688A8A24C1209500F93471 /* SelectedCountryViewController.xib in Resources */ = {isa = PBXBuildFile; fileRef = 66688A8224C1209500F93471 /* SelectedCountryViewController.xib */; };
		66688A9224C1211500F93471 /* SelectedCountryEndpoint.swift in Sources */ = {isa = PBXBuildFile; fileRef = 66688A9124C1211500F93471 /* SelectedCountryEndpoint.swift */; };
		66688A9724C122D800F93471 /* SelectedCountryModel.swift in Sources */ = {isa = PBXBuildFile; fileRef = 66688A9624C122D800F93471 /* SelectedCountryModel.swift */; };
		66688A9924C122F100F93471 /* SearchCountryModel.swift in Sources */ = {isa = PBXBuildFile; fileRef = 66688A9824C122F100F93471 /* SearchCountryModel.swift */; };
		66688A9F24C1DC2000F93471 /* SearchTableViewCell.swift in Sources */ = {isa = PBXBuildFile; fileRef = 66688A9D24C1DC2000F93471 /* SearchTableViewCell.swift */; };
		66688AA024C1DC2000F93471 /* SearchTableViewCell.xib in Resources */ = {isa = PBXBuildFile; fileRef = 66688A9E24C1DC2000F93471 /* SearchTableViewCell.xib */; };
		66688AA524C1E88100F93471 /* reachabilityEx.swift in Sources */ = {isa = PBXBuildFile; fileRef = 66688AA424C1E88100F93471 /* reachabilityEx.swift */; };
		66688AA724C1F30400F93471 /* Constant.swift in Sources */ = {isa = PBXBuildFile; fileRef = 66688AA624C1F30300F93471 /* Constant.swift */; };
		66688B6524C2B8BF00F93471 /* UITableView.swift in Sources */ = {isa = PBXBuildFile; fileRef = 66688B6424C2B8BF00F93471 /* UITableView.swift */; };
		66A18E7424C339A3005B2819 /* RealmManager.swift in Sources */ = {isa = PBXBuildFile; fileRef = 66A18E7224C339A3005B2819 /* RealmManager.swift */; };
		66A18E7524C339A3005B2819 /* RealmExtension.swift in Sources */ = {isa = PBXBuildFile; fileRef = 66A18E7324C339A3005B2819 /* RealmExtension.swift */; };
		66A18E7824C33A30005B2819 /* CountryRealmModel.swift in Sources */ = {isa = PBXBuildFile; fileRef = 66A18E7724C33A30005B2819 /* CountryRealmModel.swift */; };
		66A18E7A24C35B57005B2819 /* ViewTablesEx.swift in Sources */ = {isa = PBXBuildFile; fileRef = 66A18E7924C35B57005B2819 /* ViewTablesEx.swift */; };
		757C8F08122E52FEB76616A5 /* Pods_RestContries.framework in Frameworks */ = {isa = PBXBuildFile; fileRef = 2C66DDB739D1DA293543BAE9 /* Pods_RestContries.framework */; };
		8A60DE5B5597D2CD8A4E0274 /* Pods_RestContries_RestContriesUITests.framework in Frameworks */ = {isa = PBXBuildFile; fileRef = E82E65B506CB119789F2FCE0 /* Pods_RestContries_RestContriesUITests.framework */; };
		C7B578DCB2C81524D5D36851 /* Pods_RestContriesTests.framework in Frameworks */ = {isa = PBXBuildFile; fileRef = E22F75D7329E0E834EA5540D /* Pods_RestContriesTests.framework */; };
/* End PBXBuildFile section */

/* Begin PBXContainerItemProxy section */
		66688A2B24C111DF00F93471 /* PBXContainerItemProxy */ = {
			isa = PBXContainerItemProxy;
			containerPortal = 66688A0C24C111D700F93471 /* Project object */;
			proxyType = 1;
			remoteGlobalIDString = 66688A1324C111D700F93471;
			remoteInfo = RestContries;
		};
		66688A3624C111DF00F93471 /* PBXContainerItemProxy */ = {
			isa = PBXContainerItemProxy;
			containerPortal = 66688A0C24C111D700F93471 /* Project object */;
			proxyType = 1;
			remoteGlobalIDString = 66688A1324C111D700F93471;
			remoteInfo = RestContries;
		};
/* End PBXContainerItemProxy section */

/* Begin PBXFileReference section */
		2C66DDB739D1DA293543BAE9 /* Pods_RestContries.framework */ = {isa = PBXFileReference; explicitFileType = wrapper.framework; includeInIndex = 0; path = Pods_RestContries.framework; sourceTree = BUILT_PRODUCTS_DIR; };
		4623FCFD33F1C266DF9AF374 /* Pods-RestContriesTests.release.xcconfig */ = {isa = PBXFileReference; includeInIndex = 1; lastKnownFileType = text.xcconfig; name = "Pods-RestContriesTests.release.xcconfig"; path = "Target Support Files/Pods-RestContriesTests/Pods-RestContriesTests.release.xcconfig"; sourceTree = "<group>"; };
		6656F45C24C373F200F44D06 /* TestCallApi.swift */ = {isa = PBXFileReference; lastKnownFileType = sourcecode.swift; name = TestCallApi.swift; path = /Users/Adam/Adamable_/a/RestContries/RestContriesTests/TestCallApi.swift; sourceTree = "<absolute>"; };
		66688A1424C111D700F93471 /* RestContries.app */ = {isa = PBXFileReference; explicitFileType = wrapper.application; includeInIndex = 0; path = RestContries.app; sourceTree = BUILT_PRODUCTS_DIR; };
		66688A1724C111D700F93471 /* AppDelegate.swift */ = {isa = PBXFileReference; lastKnownFileType = sourcecode.swift; path = AppDelegate.swift; sourceTree = "<group>"; };
		66688A1924C111D700F93471 /* SceneDelegate.swift */ = {isa = PBXFileReference; lastKnownFileType = sourcecode.swift; path = SceneDelegate.swift; sourceTree = "<group>"; };
		66688A1B24C111D700F93471 /* ViewController.swift */ = {isa = PBXFileReference; lastKnownFileType = sourcecode.swift; path = ViewController.swift; sourceTree = "<group>"; };
		66688A1E24C111D700F93471 /* Base */ = {isa = PBXFileReference; lastKnownFileType = file.storyboard; name = Base; path = Base.lproj/Main.storyboard; sourceTree = "<group>"; };
		66688A2024C111DE00F93471 /* Assets.xcassets */ = {isa = PBXFileReference; lastKnownFileType = folder.assetcatalog; path = Assets.xcassets; sourceTree = "<group>"; };
		66688A2324C111DF00F93471 /* Base */ = {isa = PBXFileReference; lastKnownFileType = file.storyboard; name = Base; path = Base.lproj/LaunchScreen.storyboard; sourceTree = "<group>"; };
		66688A2524C111DF00F93471 /* Info.plist */ = {isa = PBXFileReference; lastKnownFileType = text.plist.xml; path = Info.plist; sourceTree = "<group>"; };
		66688A2A24C111DF00F93471 /* RestContriesTests.xctest */ = {isa = PBXFileReference; explicitFileType = wrapper.cfbundle; includeInIndex = 0; path = RestContriesTests.xctest; sourceTree = BUILT_PRODUCTS_DIR; };
		66688A2E24C111DF00F93471 /* RestContriesTests.swift */ = {isa = PBXFileReference; lastKnownFileType = sourcecode.swift; path = RestContriesTests.swift; sourceTree = "<group>"; };
		66688A3024C111DF00F93471 /* Info.plist */ = {isa = PBXFileReference; lastKnownFileType = text.plist.xml; path = Info.plist; sourceTree = "<group>"; };
		66688A3524C111DF00F93471 /* RestContriesUITests.xctest */ = {isa = PBXFileReference; explicitFileType = wrapper.cfbundle; includeInIndex = 0; path = RestContriesUITests.xctest; sourceTree = BUILT_PRODUCTS_DIR; };
		66688A3924C111DF00F93471 /* RestContriesUITests.swift */ = {isa = PBXFileReference; lastKnownFileType = sourcecode.swift; path = RestContriesUITests.swift; sourceTree = "<group>"; };
		66688A3B24C111DF00F93471 /* Info.plist */ = {isa = PBXFileReference; lastKnownFileType = text.plist.xml; path = Info.plist; sourceTree = "<group>"; };
		66688A5A24C114BD00F93471 /* AppRoute.swift */ = {isa = PBXFileReference; lastKnownFileType = sourcecode.swift; path = AppRoute.swift; sourceTree = "<group>"; };
		66688A5C24C114D900F93471 /* GeneralRoute.swift */ = {isa = PBXFileReference; lastKnownFileType = sourcecode.swift; path = GeneralRoute.swift; sourceTree = "<group>"; };
		66688A5E24C114F300F93471 /* NetworkService.swift */ = {isa = PBXFileReference; lastKnownFileType = sourcecode.swift; path = NetworkService.swift; sourceTree = "<group>"; };
		66688A6024C11F8800F93471 /* SearchCountryConfiguration.swift */ = {isa = PBXFileReference; lastKnownFileType = sourcecode.swift; path = SearchCountryConfiguration.swift; sourceTree = "<group>"; };
		66688A6124C11F8800F93471 /* SearchCountryPresenter.swift */ = {isa = PBXFileReference; lastKnownFileType = sourcecode.swift; path = SearchCountryPresenter.swift; sourceTree = "<group>"; };
		66688A6224C11F8800F93471 /* SearchCountryWorker.swift */ = {isa = PBXFileReference; lastKnownFileType = sourcecode.swift; path = SearchCountryWorker.swift; sourceTree = "<group>"; };
		66688A6324C11F8800F93471 /* SearchCountryRouter.swift */ = {isa = PBXFileReference; lastKnownFileType = sourcecode.swift; path = SearchCountryRouter.swift; sourceTree = "<group>"; };
		66688A6424C11F8800F93471 /* SearchCountryViewController.swift */ = {isa = PBXFileReference; lastKnownFileType = sourcecode.swift; path = SearchCountryViewController.swift; sourceTree = "<group>"; };
		66688A6524C11F8800F93471 /* SearchCountryInteractor.swift */ = {isa = PBXFileReference; lastKnownFileType = sourcecode.swift; path = SearchCountryInteractor.swift; sourceTree = "<group>"; };
		66688A6724C11F8800F93471 /* SearchCountryViewController.xib */ = {isa = PBXFileReference; lastKnownFileType = file.xib; path = SearchCountryViewController.xib; sourceTree = "<group>"; };
		66688A7824C1204D00F93471 /* SearchCountryEndpoint.swift */ = {isa = PBXFileReference; lastKnownFileType = sourcecode.swift; path = SearchCountryEndpoint.swift; sourceTree = "<group>"; };
		66688A7B24C1209500F93471 /* SelectedCountryConfiguration.swift */ = {isa = PBXFileReference; lastKnownFileType = sourcecode.swift; path = SelectedCountryConfiguration.swift; sourceTree = "<group>"; };
		66688A7C24C1209500F93471 /* SelectedCountryPresenter.swift */ = {isa = PBXFileReference; lastKnownFileType = sourcecode.swift; path = SelectedCountryPresenter.swift; sourceTree = "<group>"; };
		66688A7D24C1209500F93471 /* SelectedCountryWorker.swift */ = {isa = PBXFileReference; lastKnownFileType = sourcecode.swift; path = SelectedCountryWorker.swift; sourceTree = "<group>"; };
		66688A7E24C1209500F93471 /* SelectedCountryRouter.swift */ = {isa = PBXFileReference; lastKnownFileType = sourcecode.swift; path = SelectedCountryRouter.swift; sourceTree = "<group>"; };
		66688A7F24C1209500F93471 /* SelectedCountryViewController.swift */ = {isa = PBXFileReference; lastKnownFileType = sourcecode.swift; path = SelectedCountryViewController.swift; sourceTree = "<group>"; };
		66688A8024C1209500F93471 /* SelectedCountryInteractor.swift */ = {isa = PBXFileReference; lastKnownFileType = sourcecode.swift; path = SelectedCountryInteractor.swift; sourceTree = "<group>"; };
		66688A8224C1209500F93471 /* SelectedCountryViewController.xib */ = {isa = PBXFileReference; lastKnownFileType = file.xib; path = SelectedCountryViewController.xib; sourceTree = "<group>"; };
		66688A9124C1211500F93471 /* SelectedCountryEndpoint.swift */ = {isa = PBXFileReference; lastKnownFileType = sourcecode.swift; path = SelectedCountryEndpoint.swift; sourceTree = "<group>"; };
		66688A9624C122D800F93471 /* SelectedCountryModel.swift */ = {isa = PBXFileReference; fileEncoding = 4; lastKnownFileType = sourcecode.swift; path = SelectedCountryModel.swift; sourceTree = "<group>"; };
		66688A9824C122F100F93471 /* SearchCountryModel.swift */ = {isa = PBXFileReference; fileEncoding = 4; lastKnownFileType = sourcecode.swift; path = SearchCountryModel.swift; sourceTree = "<group>"; };
		66688A9D24C1DC2000F93471 /* SearchTableViewCell.swift */ = {isa = PBXFileReference; lastKnownFileType = sourcecode.swift; path = SearchTableViewCell.swift; sourceTree = "<group>"; };
		66688A9E24C1DC2000F93471 /* SearchTableViewCell.xib */ = {isa = PBXFileReference; lastKnownFileType = file.xib; path = SearchTableViewCell.xib; sourceTree = "<group>"; };
		66688AA424C1E88100F93471 /* reachabilityEx.swift */ = {isa = PBXFileReference; lastKnownFileType = sourcecode.swift; path = reachabilityEx.swift; sourceTree = "<group>"; };
		66688AA624C1F30300F93471 /* Constant.swift */ = {isa = PBXFileReference; lastKnownFileType = sourcecode.swift; path = Constant.swift; sourceTree = "<group>"; };
		66688B6424C2B8BF00F93471 /* UITableView.swift */ = {isa = PBXFileReference; lastKnownFileType = sourcecode.swift; path = UITableView.swift; sourceTree = "<group>"; };
		66A18E7224C339A3005B2819 /* RealmManager.swift */ = {isa = PBXFileReference; fileEncoding = 4; lastKnownFileType = sourcecode.swift; path = RealmManager.swift; sourceTree = "<group>"; };
		66A18E7324C339A3005B2819 /* RealmExtension.swift */ = {isa = PBXFileReference; fileEncoding = 4; lastKnownFileType = sourcecode.swift; path = RealmExtension.swift; sourceTree = "<group>"; };
		66A18E7724C33A30005B2819 /* CountryRealmModel.swift */ = {isa = PBXFileReference; lastKnownFileType = sourcecode.swift; path = CountryRealmModel.swift; sourceTree = "<group>"; };
		66A18E7924C35B57005B2819 /* ViewTablesEx.swift */ = {isa = PBXFileReference; lastKnownFileType = sourcecode.swift; path = ViewTablesEx.swift; sourceTree = "<group>"; };
		8613B59DC5D44659192BD31E /* Pods-RestContries.release.xcconfig */ = {isa = PBXFileReference; includeInIndex = 1; lastKnownFileType = text.xcconfig; name = "Pods-RestContries.release.xcconfig"; path = "Target Support Files/Pods-RestContries/Pods-RestContries.release.xcconfig"; sourceTree = "<group>"; };
		8E57DBD1D40B11DCC4684870 /* Pods-RestContriesTests.debug.xcconfig */ = {isa = PBXFileReference; includeInIndex = 1; lastKnownFileType = text.xcconfig; name = "Pods-RestContriesTests.debug.xcconfig"; path = "Target Support Files/Pods-RestContriesTests/Pods-RestContriesTests.debug.xcconfig"; sourceTree = "<group>"; };
		A3C3849DF41E5D9FE500E0F4 /* Pods-RestContries.debug.xcconfig */ = {isa = PBXFileReference; includeInIndex = 1; lastKnownFileType = text.xcconfig; name = "Pods-RestContries.debug.xcconfig"; path = "Target Support Files/Pods-RestContries/Pods-RestContries.debug.xcconfig"; sourceTree = "<group>"; };
		B190974E4C60F04D9E11C07D /* Pods-RestContries-RestContriesUITests.release.xcconfig */ = {isa = PBXFileReference; includeInIndex = 1; lastKnownFileType = text.xcconfig; name = "Pods-RestContries-RestContriesUITests.release.xcconfig"; path = "Target Support Files/Pods-RestContries-RestContriesUITests/Pods-RestContries-RestContriesUITests.release.xcconfig"; sourceTree = "<group>"; };
		D2D652F8EDD7105A73B8DB59 /* Pods-RestContries-RestContriesUITests.debug.xcconfig */ = {isa = PBXFileReference; includeInIndex = 1; lastKnownFileType = text.xcconfig; name = "Pods-RestContries-RestContriesUITests.debug.xcconfig"; path = "Target Support Files/Pods-RestContries-RestContriesUITests/Pods-RestContries-RestContriesUITests.debug.xcconfig"; sourceTree = "<group>"; };
		E22F75D7329E0E834EA5540D /* Pods_RestContriesTests.framework */ = {isa = PBXFileReference; explicitFileType = wrapper.framework; includeInIndex = 0; path = Pods_RestContriesTests.framework; sourceTree = BUILT_PRODUCTS_DIR; };
		E82E65B506CB119789F2FCE0 /* Pods_RestContries_RestContriesUITests.framework */ = {isa = PBXFileReference; explicitFileType = wrapper.framework; includeInIndex = 0; path = Pods_RestContries_RestContriesUITests.framework; sourceTree = BUILT_PRODUCTS_DIR; };
/* End PBXFileReference section */

/* Begin PBXFrameworksBuildPhase section */
		66688A1124C111D700F93471 /* Frameworks */ = {
			isa = PBXFrameworksBuildPhase;
			buildActionMask = 2147483647;
			files = (
				757C8F08122E52FEB76616A5 /* Pods_RestContries.framework in Frameworks */,
			);
			runOnlyForDeploymentPostprocessing = 0;
		};
		66688A2724C111DF00F93471 /* Frameworks */ = {
			isa = PBXFrameworksBuildPhase;
			buildActionMask = 2147483647;
			files = (
				C7B578DCB2C81524D5D36851 /* Pods_RestContriesTests.framework in Frameworks */,
			);
			runOnlyForDeploymentPostprocessing = 0;
		};
		66688A3224C111DF00F93471 /* Frameworks */ = {
			isa = PBXFrameworksBuildPhase;
			buildActionMask = 2147483647;
			files = (
				8A60DE5B5597D2CD8A4E0274 /* Pods_RestContries_RestContriesUITests.framework in Frameworks */,
			);
			runOnlyForDeploymentPostprocessing = 0;
		};
/* End PBXFrameworksBuildPhase section */

/* Begin PBXGroup section */
		01CADF6DD8CD2F6F994F9B86 /* Pods */ = {
			isa = PBXGroup;
			children = (
				A3C3849DF41E5D9FE500E0F4 /* Pods-RestContries.debug.xcconfig */,
				8613B59DC5D44659192BD31E /* Pods-RestContries.release.xcconfig */,
				D2D652F8EDD7105A73B8DB59 /* Pods-RestContries-RestContriesUITests.debug.xcconfig */,
				B190974E4C60F04D9E11C07D /* Pods-RestContries-RestContriesUITests.release.xcconfig */,
				8E57DBD1D40B11DCC4684870 /* Pods-RestContriesTests.debug.xcconfig */,
				4623FCFD33F1C266DF9AF374 /* Pods-RestContriesTests.release.xcconfig */,
			);
			path = Pods;
			sourceTree = "<group>";
		};
		66688A0B24C111D700F93471 = {
			isa = PBXGroup;
			children = (
				66688A1624C111D700F93471 /* RestContries */,
				66688A2D24C111DF00F93471 /* RestContriesTests */,
				66688A3824C111DF00F93471 /* RestContriesUITests */,
				66688A1524C111D700F93471 /* Products */,
				01CADF6DD8CD2F6F994F9B86 /* Pods */,
				90FCAA24FEEE8C691BFF216F /* Frameworks */,
			);
			sourceTree = "<group>";
		};
		66688A1524C111D700F93471 /* Products */ = {
			isa = PBXGroup;
			children = (
				66688A1424C111D700F93471 /* RestContries.app */,
				66688A2A24C111DF00F93471 /* RestContriesTests.xctest */,
				66688A3524C111DF00F93471 /* RestContriesUITests.xctest */,
			);
			name = Products;
			sourceTree = "<group>";
		};
		66688A1624C111D700F93471 /* RestContries */ = {
			isa = PBXGroup;
			children = (
				66688A4A24C1123400F93471 /* Conf */,
				66688A5924C1149A00F93471 /* Shared */,
				66688AA124C1E18200F93471 /* Common */,
				66688A4724C111F100F93471 /* AppSenes */,
				66688A4B24C1124800F93471 /* Assets */,
			);
			path = RestContries;
			sourceTree = "<group>";
		};
		66688A2D24C111DF00F93471 /* RestContriesTests */ = {
			isa = PBXGroup;
			children = (
				6656F45C24C373F200F44D06 /* TestCallApi.swift */,
				66688A2E24C111DF00F93471 /* RestContriesTests.swift */,
				66688A3024C111DF00F93471 /* Info.plist */,
			);
			path = RestContriesTests;
			sourceTree = "<group>";
		};
		66688A3824C111DF00F93471 /* RestContriesUITests */ = {
			isa = PBXGroup;
			children = (
				66688A3924C111DF00F93471 /* RestContriesUITests.swift */,
				66688A3B24C111DF00F93471 /* Info.plist */,
			);
			path = RestContriesUITests;
			sourceTree = "<group>";
		};
		66688A4724C111F100F93471 /* AppSenes */ = {
			isa = PBXGroup;
			children = (
				66688A4C24C1125D00F93471 /* Splash */,
				66688A4924C1121300F93471 /* SearchCountry */,
				66688A4824C1121000F93471 /* SelectedCountry */,
			);
			path = AppSenes;
			sourceTree = "<group>";
		};
		66688A4824C1121000F93471 /* SelectedCountry */ = {
			isa = PBXGroup;
			children = (
				66688A8F24C120DF00F93471 /* Configuration */,
				66688A8B24C120B300F93471 /* View */,
				66688A9024C120F300F93471 /* Presenter */,
				66688A8D24C120CA00F93471 /* Services */,
				66688A8E24C120D500F93471 /* Router */,
				66688A8C24C120BC00F93471 /* Interactor */,
			);
			path = SelectedCountry;
			sourceTree = "<group>";
		};
		66688A4924C1121300F93471 /* SearchCountry */ = {
			isa = PBXGroup;
			children = (
				66688A7024C11F9A00F93471 /* Configuration */,
				66688A7424C11FDB00F93471 /* View */,
				66688A7524C11FEF00F93471 /* Interactor */,
				66688A7124C11FAC00F93471 /* Presenter */,
				66688A7324C11FC800F93471 /* Router */,
				66688A7624C11FF800F93471 /* Services */,
			);
			path = SearchCountry;
			sourceTree = "<group>";
		};
		66688A4A24C1123400F93471 /* Conf */ = {
			isa = PBXGroup;
			children = (
				66688A1724C111D700F93471 /* AppDelegate.swift */,
				66688A1924C111D700F93471 /* SceneDelegate.swift */,
				66688A2524C111DF00F93471 /* Info.plist */,
			);
			path = Conf;
			sourceTree = "<group>";
		};
		66688A4B24C1124800F93471 /* Assets */ = {
			isa = PBXGroup;
			children = (
				66688A2024C111DE00F93471 /* Assets.xcassets */,
				66688A2224C111DF00F93471 /* LaunchScreen.storyboard */,
			);
			path = Assets;
			sourceTree = "<group>";
		};
		66688A4C24C1125D00F93471 /* Splash */ = {
			isa = PBXGroup;
			children = (
				66688A1B24C111D700F93471 /* ViewController.swift */,
				66688A1D24C111D700F93471 /* Main.storyboard */,
			);
			path = Splash;
			sourceTree = "<group>";
		};
		66688A5924C1149A00F93471 /* Shared */ = {
			isa = PBXGroup;
			children = (
				66688A5A24C114BD00F93471 /* AppRoute.swift */,
				66688A5C24C114D900F93471 /* GeneralRoute.swift */,
				66A18E7124C339A3005B2819 /* Realm */,
				66A18E7624C339AC005B2819 /* Network */,
			);
			path = Shared;
			sourceTree = "<group>";
		};
		66688A7024C11F9A00F93471 /* Configuration */ = {
			isa = PBXGroup;
			children = (
				66688A6024C11F8800F93471 /* SearchCountryConfiguration.swift */,
			);
			path = Configuration;
			sourceTree = "<group>";
		};
		66688A7124C11FAC00F93471 /* Presenter */ = {
			isa = PBXGroup;
			children = (
				66688A6124C11F8800F93471 /* SearchCountryPresenter.swift */,
			);
			path = Presenter;
			sourceTree = "<group>";
		};
		66688A7224C11FBA00F93471 /* Worker */ = {
			isa = PBXGroup;
			children = (
				66688A6224C11F8800F93471 /* SearchCountryWorker.swift */,
			);
			path = Worker;
			sourceTree = "<group>";
		};
		66688A7324C11FC800F93471 /* Router */ = {
			isa = PBXGroup;
			children = (
				66688A6324C11F8800F93471 /* SearchCountryRouter.swift */,
			);
			path = Router;
			sourceTree = "<group>";
		};
		66688A7424C11FDB00F93471 /* View */ = {
			isa = PBXGroup;
			children = (
				66688A9B24C1DBE200F93471 /* SearchView */,
				66688A9C24C1DBFD00F93471 /* SearchCell */,
			);
			path = View;
			sourceTree = "<group>";
		};
		66688A7524C11FEF00F93471 /* Interactor */ = {
			isa = PBXGroup;
			children = (
				66688A6524C11F8800F93471 /* SearchCountryInteractor.swift */,
			);
			path = Interactor;
			sourceTree = "<group>";
		};
		66688A7624C11FF800F93471 /* Services */ = {
			isa = PBXGroup;
			children = (
				66688A7724C1203000F93471 /* MOdel */,
				66688A7224C11FBA00F93471 /* Worker */,
				66688A7A24C1205500F93471 /* EndPoint */,
			);
			path = Services;
			sourceTree = "<group>";
		};
		66688A7724C1203000F93471 /* MOdel */ = {
			isa = PBXGroup;
			children = (
				66688A9824C122F100F93471 /* SearchCountryModel.swift */,
				66A18E7724C33A30005B2819 /* CountryRealmModel.swift */,
			);
			path = MOdel;
			sourceTree = "<group>";
		};
		66688A7A24C1205500F93471 /* EndPoint */ = {
			isa = PBXGroup;
			children = (
				66688A7824C1204D00F93471 /* SearchCountryEndpoint.swift */,
			);
			path = EndPoint;
			sourceTree = "<group>";
		};
		66688A8B24C120B300F93471 /* View */ = {
			isa = PBXGroup;
			children = (
				66688A7F24C1209500F93471 /* SelectedCountryViewController.swift */,
				66688A8224C1209500F93471 /* SelectedCountryViewController.xib */,
			);
			path = View;
			sourceTree = "<group>";
		};
		66688A8C24C120BC00F93471 /* Interactor */ = {
			isa = PBXGroup;
			children = (
				66688A8024C1209500F93471 /* SelectedCountryInteractor.swift */,
			);
			path = Interactor;
			sourceTree = "<group>";
		};
		66688A8D24C120CA00F93471 /* Services */ = {
			isa = PBXGroup;
			children = (
				66688A9524C1213400F93471 /* Worker */,
				66688A9424C1212800F93471 /* Model */,
				66688A9324C1211B00F93471 /* EndPoint */,
			);
			path = Services;
			sourceTree = "<group>";
		};
		66688A8E24C120D500F93471 /* Router */ = {
			isa = PBXGroup;
			children = (
				66688A7E24C1209500F93471 /* SelectedCountryRouter.swift */,
			);
			path = Router;
			sourceTree = "<group>";
		};
		66688A8F24C120DF00F93471 /* Configuration */ = {
			isa = PBXGroup;
			children = (
				66688A7B24C1209500F93471 /* SelectedCountryConfiguration.swift */,
			);
			path = Configuration;
			sourceTree = "<group>";
		};
		66688A9024C120F300F93471 /* Presenter */ = {
			isa = PBXGroup;
			children = (
				66688A7C24C1209500F93471 /* SelectedCountryPresenter.swift */,
			);
			path = Presenter;
			sourceTree = "<group>";
		};
		66688A9324C1211B00F93471 /* EndPoint */ = {
			isa = PBXGroup;
			children = (
				66688A9124C1211500F93471 /* SelectedCountryEndpoint.swift */,
			);
			path = EndPoint;
			sourceTree = "<group>";
		};
		66688A9424C1212800F93471 /* Model */ = {
			isa = PBXGroup;
			children = (
				66688A9624C122D800F93471 /* SelectedCountryModel.swift */,
			);
			path = Model;
			sourceTree = "<group>";
		};
		66688A9524C1213400F93471 /* Worker */ = {
			isa = PBXGroup;
			children = (
				66688A7D24C1209500F93471 /* SelectedCountryWorker.swift */,
			);
			path = Worker;
			sourceTree = "<group>";
		};
		66688A9B24C1DBE200F93471 /* SearchView */ = {
			isa = PBXGroup;
			children = (
				66688A6424C11F8800F93471 /* SearchCountryViewController.swift */,
				66688A6724C11F8800F93471 /* SearchCountryViewController.xib */,
				66688AA424C1E88100F93471 /* reachabilityEx.swift */,
				66A18E7924C35B57005B2819 /* ViewTablesEx.swift */,
			);
			path = SearchView;
			sourceTree = "<group>";
		};
		66688A9C24C1DBFD00F93471 /* SearchCell */ = {
			isa = PBXGroup;
			children = (
				66688A9D24C1DC2000F93471 /* SearchTableViewCell.swift */,
				66688A9E24C1DC2000F93471 /* SearchTableViewCell.xib */,
			);
			path = SearchCell;
			sourceTree = "<group>";
		};
		66688AA124C1E18200F93471 /* Common */ = {
			isa = PBXGroup;
			children = (
				66688AA624C1F30300F93471 /* Constant.swift */,
				66688B6424C2B8BF00F93471 /* UITableView.swift */,
			);
			path = Common;
			sourceTree = "<group>";
		};
		66A18E7124C339A3005B2819 /* Realm */ = {
			isa = PBXGroup;
			children = (
				66A18E7224C339A3005B2819 /* RealmManager.swift */,
				66A18E7324C339A3005B2819 /* RealmExtension.swift */,
			);
			path = Realm;
			sourceTree = "<group>";
		};
		66A18E7624C339AC005B2819 /* Network */ = {
			isa = PBXGroup;
			children = (
				66688A5E24C114F300F93471 /* NetworkService.swift */,
			);
			path = Network;
			sourceTree = "<group>";
		};
		90FCAA24FEEE8C691BFF216F /* Frameworks */ = {
			isa = PBXGroup;
			children = (
				2C66DDB739D1DA293543BAE9 /* Pods_RestContries.framework */,
				E82E65B506CB119789F2FCE0 /* Pods_RestContries_RestContriesUITests.framework */,
				E22F75D7329E0E834EA5540D /* Pods_RestContriesTests.framework */,
			);
			name = Frameworks;
			sourceTree = "<group>";
		};
/* End PBXGroup section */

/* Begin PBXNativeTarget section */
		66688A1324C111D700F93471 /* RestContries */ = {
			isa = PBXNativeTarget;
			buildConfigurationList = 66688A3E24C111DF00F93471 /* Build configuration list for PBXNativeTarget "RestContries" */;
			buildPhases = (
				4B672542B8EFDE7E18639A5A /* [CP] Check Pods Manifest.lock */,
				66688A1024C111D700F93471 /* Sources */,
				66688A1124C111D700F93471 /* Frameworks */,
				66688A1224C111D700F93471 /* Resources */,
				29CE93A6388F33290CB42255 /* [CP] Embed Pods Frameworks */,
			);
			buildRules = (
			);
			dependencies = (
			);
			name = RestContries;
			productName = RestContries;
			productReference = 66688A1424C111D700F93471 /* RestContries.app */;
			productType = "com.apple.product-type.application";
		};
		66688A2924C111DF00F93471 /* RestContriesTests */ = {
			isa = PBXNativeTarget;
			buildConfigurationList = 66688A4124C111DF00F93471 /* Build configuration list for PBXNativeTarget "RestContriesTests" */;
			buildPhases = (
				42115582E51C99B8DE712ED1 /* [CP] Check Pods Manifest.lock */,
				66688A2624C111DF00F93471 /* Sources */,
				66688A2724C111DF00F93471 /* Frameworks */,
				66688A2824C111DF00F93471 /* Resources */,
			);
			buildRules = (
			);
			dependencies = (
				66688A2C24C111DF00F93471 /* PBXTargetDependency */,
			);
			name = RestContriesTests;
			productName = RestContriesTests;
			productReference = 66688A2A24C111DF00F93471 /* RestContriesTests.xctest */;
			productType = "com.apple.product-type.bundle.unit-test";
		};
		66688A3424C111DF00F93471 /* RestContriesUITests */ = {
			isa = PBXNativeTarget;
			buildConfigurationList = 66688A4424C111DF00F93471 /* Build configuration list for PBXNativeTarget "RestContriesUITests" */;
			buildPhases = (
				8CF7AE07062EF57997869CB0 /* [CP] Check Pods Manifest.lock */,
				66688A3124C111DF00F93471 /* Sources */,
				66688A3224C111DF00F93471 /* Frameworks */,
				66688A3324C111DF00F93471 /* Resources */,
				28305FE4D77D247CA29F0198 /* [CP] Embed Pods Frameworks */,
			);
			buildRules = (
			);
			dependencies = (
				66688A3724C111DF00F93471 /* PBXTargetDependency */,
			);
			name = RestContriesUITests;
			productName = RestContriesUITests;
			productReference = 66688A3524C111DF00F93471 /* RestContriesUITests.xctest */;
			productType = "com.apple.product-type.bundle.ui-testing";
		};
/* End PBXNativeTarget section */

/* Begin PBXProject section */
		66688A0C24C111D700F93471 /* Project object */ = {
			isa = PBXProject;
			attributes = {
				LastSwiftUpdateCheck = 1150;
				LastUpgradeCheck = 1150;
				ORGANIZATIONNAME = TaskApp;
				TargetAttributes = {
					66688A1324C111D700F93471 = {
						CreatedOnToolsVersion = 11.5;
					};
					66688A2924C111DF00F93471 = {
						CreatedOnToolsVersion = 11.5;
						TestTargetID = 66688A1324C111D700F93471;
					};
					66688A3424C111DF00F93471 = {
						CreatedOnToolsVersion = 11.5;
						TestTargetID = 66688A1324C111D700F93471;
					};
				};
			};
			buildConfigurationList = 66688A0F24C111D700F93471 /* Build configuration list for PBXProject "RestContries" */;
			compatibilityVersion = "Xcode 9.3";
			developmentRegion = en;
			hasScannedForEncodings = 0;
			knownRegions = (
				en,
				Base,
			);
			mainGroup = 66688A0B24C111D700F93471;
			productRefGroup = 66688A1524C111D700F93471 /* Products */;
			projectDirPath = "";
			projectRoot = "";
			targets = (
				66688A1324C111D700F93471 /* RestContries */,
				66688A2924C111DF00F93471 /* RestContriesTests */,
				66688A3424C111DF00F93471 /* RestContriesUITests */,
			);
		};
/* End PBXProject section */

/* Begin PBXResourcesBuildPhase section */
		66688A1224C111D700F93471 /* Resources */ = {
			isa = PBXResourcesBuildPhase;
			buildActionMask = 2147483647;
			files = (
				66688A2424C111DF00F93471 /* LaunchScreen.storyboard in Resources */,
				66688A6F24C11F8800F93471 /* SearchCountryViewController.xib in Resources */,
				66688A2124C111DE00F93471 /* Assets.xcassets in Resources */,
				66688A8A24C1209500F93471 /* SelectedCountryViewController.xib in Resources */,
				66688A1F24C111D700F93471 /* Main.storyboard in Resources */,
				66688AA024C1DC2000F93471 /* SearchTableViewCell.xib in Resources */,
			);
			runOnlyForDeploymentPostprocessing = 0;
		};
		66688A2824C111DF00F93471 /* Resources */ = {
			isa = PBXResourcesBuildPhase;
			buildActionMask = 2147483647;
			files = (
			);
			runOnlyForDeploymentPostprocessing = 0;
		};
		66688A3324C111DF00F93471 /* Resources */ = {
			isa = PBXResourcesBuildPhase;
			buildActionMask = 2147483647;
			files = (
			);
			runOnlyForDeploymentPostprocessing = 0;
		};
/* End PBXResourcesBuildPhase section */

/* Begin PBXShellScriptBuildPhase section */
		28305FE4D77D247CA29F0198 /* [CP] Embed Pods Frameworks */ = {
			isa = PBXShellScriptBuildPhase;
			buildActionMask = 2147483647;
			files = (
			);
			inputFileListPaths = (
				"${PODS_ROOT}/Target Support Files/Pods-RestContries-RestContriesUITests/Pods-RestContries-RestContriesUITests-frameworks-${CONFIGURATION}-input-files.xcfilelist",
			);
			name = "[CP] Embed Pods Frameworks";
			outputFileListPaths = (
				"${PODS_ROOT}/Target Support Files/Pods-RestContries-RestContriesUITests/Pods-RestContries-RestContriesUITests-frameworks-${CONFIGURATION}-output-files.xcfilelist",
			);
			runOnlyForDeploymentPostprocessing = 0;
			shellPath = /bin/sh;
			shellScript = "\"${PODS_ROOT}/Target Support Files/Pods-RestContries-RestContriesUITests/Pods-RestContries-RestContriesUITests-frameworks.sh\"\n";
			showEnvVarsInLog = 0;
		};
		29CE93A6388F33290CB42255 /* [CP] Embed Pods Frameworks */ = {
			isa = PBXShellScriptBuildPhase;
			buildActionMask = 2147483647;
			files = (
			);
			inputFileListPaths = (
				"${PODS_ROOT}/Target Support Files/Pods-RestContries/Pods-RestContries-frameworks-${CONFIGURATION}-input-files.xcfilelist",
			);
			name = "[CP] Embed Pods Frameworks";
			outputFileListPaths = (
				"${PODS_ROOT}/Target Support Files/Pods-RestContries/Pods-RestContries-frameworks-${CONFIGURATION}-output-files.xcfilelist",
			);
			runOnlyForDeploymentPostprocessing = 0;
			shellPath = /bin/sh;
			shellScript = "\"${PODS_ROOT}/Target Support Files/Pods-RestContries/Pods-RestContries-frameworks.sh\"\n";
			showEnvVarsInLog = 0;
		};
		42115582E51C99B8DE712ED1 /* [CP] Check Pods Manifest.lock */ = {
			isa = PBXShellScriptBuildPhase;
			buildActionMask = 2147483647;
			files = (
			);
			inputFileListPaths = (
			);
			inputPaths = (
				"${PODS_PODFILE_DIR_PATH}/Podfile.lock",
				"${PODS_ROOT}/Manifest.lock",
			);
			name = "[CP] Check Pods Manifest.lock";
			outputFileListPaths = (
			);
			outputPaths = (
				"$(DERIVED_FILE_DIR)/Pods-RestContriesTests-checkManifestLockResult.txt",
			);
			runOnlyForDeploymentPostprocessing = 0;
			shellPath = /bin/sh;
			shellScript = "diff \"${PODS_PODFILE_DIR_PATH}/Podfile.lock\" \"${PODS_ROOT}/Manifest.lock\" > /dev/null\nif [ $? != 0 ] ; then\n    # print error to STDERR\n    echo \"error: The sandbox is not in sync with the Podfile.lock. Run 'pod install' or update your CocoaPods installation.\" >&2\n    exit 1\nfi\n# This output is used by Xcode 'outputs' to avoid re-running this script phase.\necho \"SUCCESS\" > \"${SCRIPT_OUTPUT_FILE_0}\"\n";
			showEnvVarsInLog = 0;
		};
		4B672542B8EFDE7E18639A5A /* [CP] Check Pods Manifest.lock */ = {
			isa = PBXShellScriptBuildPhase;
			buildActionMask = 2147483647;
			files = (
			);
			inputFileListPaths = (
			);
			inputPaths = (
				"${PODS_PODFILE_DIR_PATH}/Podfile.lock",
				"${PODS_ROOT}/Manifest.lock",
			);
			name = "[CP] Check Pods Manifest.lock";
			outputFileListPaths = (
			);
			outputPaths = (
				"$(DERIVED_FILE_DIR)/Pods-RestContries-checkManifestLockResult.txt",
			);
			runOnlyForDeploymentPostprocessing = 0;
			shellPath = /bin/sh;
			shellScript = "diff \"${PODS_PODFILE_DIR_PATH}/Podfile.lock\" \"${PODS_ROOT}/Manifest.lock\" > /dev/null\nif [ $? != 0 ] ; then\n    # print error to STDERR\n    echo \"error: The sandbox is not in sync with the Podfile.lock. Run 'pod install' or update your CocoaPods installation.\" >&2\n    exit 1\nfi\n# This output is used by Xcode 'outputs' to avoid re-running this script phase.\necho \"SUCCESS\" > \"${SCRIPT_OUTPUT_FILE_0}\"\n";
			showEnvVarsInLog = 0;
		};
		8CF7AE07062EF57997869CB0 /* [CP] Check Pods Manifest.lock */ = {
			isa = PBXShellScriptBuildPhase;
			buildActionMask = 2147483647;
			files = (
			);
			inputFileListPaths = (
			);
			inputPaths = (
				"${PODS_PODFILE_DIR_PATH}/Podfile.lock",
				"${PODS_ROOT}/Manifest.lock",
			);
			name = "[CP] Check Pods Manifest.lock";
			outputFileListPaths = (
			);
			outputPaths = (
				"$(DERIVED_FILE_DIR)/Pods-RestContries-RestContriesUITests-checkManifestLockResult.txt",
			);
			runOnlyForDeploymentPostprocessing = 0;
			shellPath = /bin/sh;
			shellScript = "diff \"${PODS_PODFILE_DIR_PATH}/Podfile.lock\" \"${PODS_ROOT}/Manifest.lock\" > /dev/null\nif [ $? != 0 ] ; then\n    # print error to STDERR\n    echo \"error: The sandbox is not in sync with the Podfile.lock. Run 'pod install' or update your CocoaPods installation.\" >&2\n    exit 1\nfi\n# This output is used by Xcode 'outputs' to avoid re-running this script phase.\necho \"SUCCESS\" > \"${SCRIPT_OUTPUT_FILE_0}\"\n";
			showEnvVarsInLog = 0;
		};
/* End PBXShellScriptBuildPhase section */

/* Begin PBXSourcesBuildPhase section */
		66688A1024C111D700F93471 /* Sources */ = {
			isa = PBXSourcesBuildPhase;
			buildActionMask = 2147483647;
			files = (
				66688A6A24C11F8800F93471 /* SearchCountryWorker.swift in Sources */,
				66688A7924C1204D00F93471 /* SearchCountryEndpoint.swift in Sources */,
				66A18E7824C33A30005B2819 /* CountryRealmModel.swift in Sources */,
				66688A9924C122F100F93471 /* SearchCountryModel.swift in Sources */,
				66688A8624C1209500F93471 /* SelectedCountryRouter.swift in Sources */,
				66688A8524C1209500F93471 /* SelectedCountryWorker.swift in Sources */,
				66688A6D24C11F8800F93471 /* SearchCountryInteractor.swift in Sources */,
				66A18E7A24C35B57005B2819 /* ViewTablesEx.swift in Sources */,
				66688A1C24C111D700F93471 /* ViewController.swift in Sources */,
				66688A9724C122D800F93471 /* SelectedCountryModel.swift in Sources */,
				66688A9F24C1DC2000F93471 /* SearchTableViewCell.swift in Sources */,
				66688A6924C11F8800F93471 /* SearchCountryPresenter.swift in Sources */,
				66688A6B24C11F8800F93471 /* SearchCountryRouter.swift in Sources */,
				66688A5B24C114BD00F93471 /* AppRoute.swift in Sources */,
				66688A8824C1209500F93471 /* SelectedCountryInteractor.swift in Sources */,
				66688AA524C1E88100F93471 /* reachabilityEx.swift in Sources */,
				66A18E7424C339A3005B2819 /* RealmManager.swift in Sources */,
				66688A1824C111D700F93471 /* AppDelegate.swift in Sources */,
				66688A5D24C114D900F93471 /* GeneralRoute.swift in Sources */,
				66A18E7524C339A3005B2819 /* RealmExtension.swift in Sources */,
				66688A9224C1211500F93471 /* SelectedCountryEndpoint.swift in Sources */,
				66688AA724C1F30400F93471 /* Constant.swift in Sources */,
				66688A6C24C11F8800F93471 /* SearchCountryViewController.swift in Sources */,
				66688A8724C1209500F93471 /* SelectedCountryViewController.swift in Sources */,
				66688A5F24C114F300F93471 /* NetworkService.swift in Sources */,
				66688A8324C1209500F93471 /* SelectedCountryConfiguration.swift in Sources */,
				66688A1A24C111D700F93471 /* SceneDelegate.swift in Sources */,
				66688B6524C2B8BF00F93471 /* UITableView.swift in Sources */,
				66688A8424C1209500F93471 /* SelectedCountryPresenter.swift in Sources */,
				66688A6824C11F8800F93471 /* SearchCountryConfiguration.swift in Sources */,
			);
			runOnlyForDeploymentPostprocessing = 0;
		};
		66688A2624C111DF00F93471 /* Sources */ = {
			isa = PBXSourcesBuildPhase;
			buildActionMask = 2147483647;
			files = (
				6656F45D24C373F200F44D06 /* TestCallApi.swift in Sources */,
				66688A2F24C111DF00F93471 /* RestContriesTests.swift in Sources */,
			);
			runOnlyForDeploymentPostprocessing = 0;
		};
		66688A3124C111DF00F93471 /* Sources */ = {
			isa = PBXSourcesBuildPhase;
			buildActionMask = 2147483647;
			files = (
				66688A3A24C111DF00F93471 /* RestContriesUITests.swift in Sources */,
			);
			runOnlyForDeploymentPostprocessing = 0;
		};
/* End PBXSourcesBuildPhase section */

/* Begin PBXTargetDependency section */
		66688A2C24C111DF00F93471 /* PBXTargetDependency */ = {
			isa = PBXTargetDependency;
			target = 66688A1324C111D700F93471 /* RestContries */;
			targetProxy = 66688A2B24C111DF00F93471 /* PBXContainerItemProxy */;
		};
		66688A3724C111DF00F93471 /* PBXTargetDependency */ = {
			isa = PBXTargetDependency;
			target = 66688A1324C111D700F93471 /* RestContries */;
			targetProxy = 66688A3624C111DF00F93471 /* PBXContainerItemProxy */;
		};
/* End PBXTargetDependency section */

/* Begin PBXVariantGroup section */
		66688A1D24C111D700F93471 /* Main.storyboard */ = {
			isa = PBXVariantGroup;
			children = (
				66688A1E24C111D700F93471 /* Base */,
			);
			name = Main.storyboard;
			sourceTree = "<group>";
		};
		66688A2224C111DF00F93471 /* LaunchScreen.storyboard */ = {
			isa = PBXVariantGroup;
			children = (
				66688A2324C111DF00F93471 /* Base */,
			);
			name = LaunchScreen.storyboard;
			sourceTree = "<group>";
		};
/* End PBXVariantGroup section */

/* Begin XCBuildConfiguration section */
		66688A3C24C111DF00F93471 /* Debug */ = {
			isa = XCBuildConfiguration;
			buildSettings = {
				ALWAYS_SEARCH_USER_PATHS = NO;
				CLANG_ANALYZER_NONNULL = YES;
				CLANG_ANALYZER_NUMBER_OBJECT_CONVERSION = YES_AGGRESSIVE;
				CLANG_CXX_LANGUAGE_STANDARD = "gnu++14";
				CLANG_CXX_LIBRARY = "libc++";
				CLANG_ENABLE_MODULES = YES;
				CLANG_ENABLE_OBJC_ARC = YES;
				CLANG_ENABLE_OBJC_WEAK = YES;
				CLANG_WARN_BLOCK_CAPTURE_AUTORELEASING = YES;
				CLANG_WARN_BOOL_CONVERSION = YES;
				CLANG_WARN_COMMA = YES;
				CLANG_WARN_CONSTANT_CONVERSION = YES;
				CLANG_WARN_DEPRECATED_OBJC_IMPLEMENTATIONS = YES;
				CLANG_WARN_DIRECT_OBJC_ISA_USAGE = YES_ERROR;
				CLANG_WARN_DOCUMENTATION_COMMENTS = YES;
				CLANG_WARN_EMPTY_BODY = YES;
				CLANG_WARN_ENUM_CONVERSION = YES;
				CLANG_WARN_INFINITE_RECURSION = YES;
				CLANG_WARN_INT_CONVERSION = YES;
				CLANG_WARN_NON_LITERAL_NULL_CONVERSION = YES;
				CLANG_WARN_OBJC_IMPLICIT_RETAIN_SELF = YES;
				CLANG_WARN_OBJC_LITERAL_CONVERSION = YES;
				CLANG_WARN_OBJC_ROOT_CLASS = YES_ERROR;
				CLANG_WARN_RANGE_LOOP_ANALYSIS = YES;
				CLANG_WARN_STRICT_PROTOTYPES = YES;
				CLANG_WARN_SUSPICIOUS_MOVE = YES;
				CLANG_WARN_UNGUARDED_AVAILABILITY = YES_AGGRESSIVE;
				CLANG_WARN_UNREACHABLE_CODE = YES;
				CLANG_WARN__DUPLICATE_METHOD_MATCH = YES;
				COPY_PHASE_STRIP = NO;
				DEBUG_INFORMATION_FORMAT = dwarf;
				ENABLE_STRICT_OBJC_MSGSEND = YES;
				ENABLE_TESTABILITY = YES;
				GCC_C_LANGUAGE_STANDARD = gnu11;
				GCC_DYNAMIC_NO_PIC = NO;
				GCC_NO_COMMON_BLOCKS = YES;
				GCC_OPTIMIZATION_LEVEL = 0;
				GCC_PREPROCESSOR_DEFINITIONS = (
					"DEBUG=1",
					"$(inherited)",
				);
				GCC_WARN_64_TO_32_BIT_CONVERSION = YES;
				GCC_WARN_ABOUT_RETURN_TYPE = YES_ERROR;
				GCC_WARN_UNDECLARED_SELECTOR = YES;
				GCC_WARN_UNINITIALIZED_AUTOS = YES_AGGRESSIVE;
				GCC_WARN_UNUSED_FUNCTION = YES;
				GCC_WARN_UNUSED_VARIABLE = YES;
				IPHONEOS_DEPLOYMENT_TARGET = 13.5;
				MTL_ENABLE_DEBUG_INFO = INCLUDE_SOURCE;
				MTL_FAST_MATH = YES;
				ONLY_ACTIVE_ARCH = YES;
				SDKROOT = iphoneos;
				SWIFT_ACTIVE_COMPILATION_CONDITIONS = DEBUG;
				SWIFT_OPTIMIZATION_LEVEL = "-Onone";
			};
			name = Debug;
		};
		66688A3D24C111DF00F93471 /* Release */ = {
			isa = XCBuildConfiguration;
			buildSettings = {
				ALWAYS_SEARCH_USER_PATHS = NO;
				CLANG_ANALYZER_NONNULL = YES;
				CLANG_ANALYZER_NUMBER_OBJECT_CONVERSION = YES_AGGRESSIVE;
				CLANG_CXX_LANGUAGE_STANDARD = "gnu++14";
				CLANG_CXX_LIBRARY = "libc++";
				CLANG_ENABLE_MODULES = YES;
				CLANG_ENABLE_OBJC_ARC = YES;
				CLANG_ENABLE_OBJC_WEAK = YES;
				CLANG_WARN_BLOCK_CAPTURE_AUTORELEASING = YES;
				CLANG_WARN_BOOL_CONVERSION = YES;
				CLANG_WARN_COMMA = YES;
				CLANG_WARN_CONSTANT_CONVERSION = YES;
				CLANG_WARN_DEPRECATED_OBJC_IMPLEMENTATIONS = YES;
				CLANG_WARN_DIRECT_OBJC_ISA_USAGE = YES_ERROR;
				CLANG_WARN_DOCUMENTATION_COMMENTS = YES;
				CLANG_WARN_EMPTY_BODY = YES;
				CLANG_WARN_ENUM_CONVERSION = YES;
				CLANG_WARN_INFINITE_RECURSION = YES;
				CLANG_WARN_INT_CONVERSION = YES;
				CLANG_WARN_NON_LITERAL_NULL_CONVERSION = YES;
				CLANG_WARN_OBJC_IMPLICIT_RETAIN_SELF = YES;
				CLANG_WARN_OBJC_LITERAL_CONVERSION = YES;
				CLANG_WARN_OBJC_ROOT_CLASS = YES_ERROR;
				CLANG_WARN_RANGE_LOOP_ANALYSIS = YES;
				CLANG_WARN_STRICT_PROTOTYPES = YES;
				CLANG_WARN_SUSPICIOUS_MOVE = YES;
				CLANG_WARN_UNGUARDED_AVAILABILITY = YES_AGGRESSIVE;
				CLANG_WARN_UNREACHABLE_CODE = YES;
				CLANG_WARN__DUPLICATE_METHOD_MATCH = YES;
				COPY_PHASE_STRIP = NO;
				DEBUG_INFORMATION_FORMAT = "dwarf-with-dsym";
				ENABLE_NS_ASSERTIONS = NO;
				ENABLE_STRICT_OBJC_MSGSEND = YES;
				GCC_C_LANGUAGE_STANDARD = gnu11;
				GCC_NO_COMMON_BLOCKS = YES;
				GCC_WARN_64_TO_32_BIT_CONVERSION = YES;
				GCC_WARN_ABOUT_RETURN_TYPE = YES_ERROR;
				GCC_WARN_UNDECLARED_SELECTOR = YES;
				GCC_WARN_UNINITIALIZED_AUTOS = YES_AGGRESSIVE;
				GCC_WARN_UNUSED_FUNCTION = YES;
				GCC_WARN_UNUSED_VARIABLE = YES;
				IPHONEOS_DEPLOYMENT_TARGET = 13.5;
				MTL_ENABLE_DEBUG_INFO = NO;
				MTL_FAST_MATH = YES;
				SDKROOT = iphoneos;
				SWIFT_COMPILATION_MODE = wholemodule;
				SWIFT_OPTIMIZATION_LEVEL = "-O";
				VALIDATE_PRODUCT = YES;
			};
			name = Release;
		};
		66688A3F24C111DF00F93471 /* Debug */ = {
			isa = XCBuildConfiguration;
			baseConfigurationReference = A3C3849DF41E5D9FE500E0F4 /* Pods-RestContries.debug.xcconfig */;
			buildSettings = {
				ASSETCATALOG_COMPILER_APPICON_NAME = AppIcon;
				CODE_SIGN_STYLE = Automatic;
				DEVELOPMENT_TEAM = MM5396X53H;
				INFOPLIST_FILE = "$(SRCROOT)/RestContries/Conf/Info.plist";
				LD_RUNPATH_SEARCH_PATHS = (
					"$(inherited)",
					"@executable_path/Frameworks",
				);
				PRODUCT_BUNDLE_IDENTIFIER = com.TaskApp.RestContries;
				PRODUCT_NAME = "$(TARGET_NAME)";
				SWIFT_VERSION = 5.0;
				TARGETED_DEVICE_FAMILY = "1,2";
			};
			name = Debug;
		};
		66688A4024C111DF00F93471 /* Release */ = {
			isa = XCBuildConfiguration;
			baseConfigurationReference = 8613B59DC5D44659192BD31E /* Pods-RestContries.release.xcconfig */;
			buildSettings = {
				ASSETCATALOG_COMPILER_APPICON_NAME = AppIcon;
				CODE_SIGN_STYLE = Automatic;
				DEVELOPMENT_TEAM = MM5396X53H;
				INFOPLIST_FILE = "$(SRCROOT)/RestContries/Conf/Info.plist";
				LD_RUNPATH_SEARCH_PATHS = (
					"$(inherited)",
					"@executable_path/Frameworks",
				);
				PRODUCT_BUNDLE_IDENTIFIER = com.TaskApp.RestContries;
				PRODUCT_NAME = "$(TARGET_NAME)";
				SWIFT_VERSION = 5.0;
				TARGETED_DEVICE_FAMILY = "1,2";
			};
			name = Release;
		};
		66688A4224C111DF00F93471 /* Debug */ = {
			isa = XCBuildConfiguration;
			baseConfigurationReference = 8E57DBD1D40B11DCC4684870 /* Pods-RestContriesTests.debug.xcconfig */;
			buildSettings = {
				ALWAYS_EMBED_SWIFT_STANDARD_LIBRARIES = YES;
				BUNDLE_LOADER = "$(TEST_HOST)";
				CODE_SIGN_STYLE = Automatic;
				DEVELOPMENT_TEAM = MM5396X53H;
				INFOPLIST_FILE = RestContriesTests/Info.plist;
				IPHONEOS_DEPLOYMENT_TARGET = 13.5;
				LD_RUNPATH_SEARCH_PATHS = (
					"$(inherited)",
					"@executable_path/Frameworks",
					"@loader_path/Frameworks",
				);
				PRODUCT_BUNDLE_IDENTIFIER = com.TaskApp.RestContriesTests;
				PRODUCT_NAME = "$(TARGET_NAME)";
				SWIFT_VERSION = 5.0;
				TARGETED_DEVICE_FAMILY = "1,2";
				TEST_HOST = "$(BUILT_PRODUCTS_DIR)/RestContries.app/RestContries";
			};
			name = Debug;
		};
		66688A4324C111DF00F93471 /* Release */ = {
			isa = XCBuildConfiguration;
			baseConfigurationReference = 4623FCFD33F1C266DF9AF374 /* Pods-RestContriesTests.release.xcconfig */;
			buildSettings = {
				ALWAYS_EMBED_SWIFT_STANDARD_LIBRARIES = YES;
				BUNDLE_LOADER = "$(TEST_HOST)";
				CODE_SIGN_STYLE = Automatic;
				DEVELOPMENT_TEAM = MM5396X53H;
				INFOPLIST_FILE = RestContriesTests/Info.plist;
				IPHONEOS_DEPLOYMENT_TARGET = 13.5;
				LD_RUNPATH_SEARCH_PATHS = (
					"$(inherited)",
					"@executable_path/Frameworks",
					"@loader_path/Frameworks",
				);
				PRODUCT_BUNDLE_IDENTIFIER = com.TaskApp.RestContriesTests;
				PRODUCT_NAME = "$(TARGET_NAME)";
				SWIFT_VERSION = 5.0;
				TARGETED_DEVICE_FAMILY = "1,2";
				TEST_HOST = "$(BUILT_PRODUCTS_DIR)/RestContries.app/RestContries";
			};
			name = Release;
		};
		66688A4524C111DF00F93471 /* Debug */ = {
			isa = XCBuildConfiguration;
			baseConfigurationReference = D2D652F8EDD7105A73B8DB59 /* Pods-RestContries-RestContriesUITests.debug.xcconfig */;
			buildSettings = {
				ALWAYS_EMBED_SWIFT_STANDARD_LIBRARIES = YES;
				CODE_SIGN_STYLE = Automatic;
				DEVELOPMENT_TEAM = MM5396X53H;
				INFOPLIST_FILE = RestContriesUITests/Info.plist;
				LD_RUNPATH_SEARCH_PATHS = (
					"$(inherited)",
					"@executable_path/Frameworks",
					"@loader_path/Frameworks",
				);
				PRODUCT_BUNDLE_IDENTIFIER = com.TaskApp.RestContriesUITests;
				PRODUCT_NAME = "$(TARGET_NAME)";
				SWIFT_VERSION = 5.0;
				TARGETED_DEVICE_FAMILY = "1,2";
				TEST_TARGET_NAME = RestContries;
			};
			name = Debug;
		};
		66688A4624C111DF00F93471 /* Release */ = {
			isa = XCBuildConfiguration;
			baseConfigurationReference = B190974E4C60F04D9E11C07D /* Pods-RestContries-RestContriesUITests.release.xcconfig */;
			buildSettings = {
				ALWAYS_EMBED_SWIFT_STANDARD_LIBRARIES = YES;
				CODE_SIGN_STYLE = Automatic;
				DEVELOPMENT_TEAM = MM5396X53H;
				INFOPLIST_FILE = RestContriesUITests/Info.plist;
				LD_RUNPATH_SEARCH_PATHS = (
					"$(inherited)",
					"@executable_path/Frameworks",
					"@loader_path/Frameworks",
				);
				PRODUCT_BUNDLE_IDENTIFIER = com.TaskApp.RestContriesUITests;
				PRODUCT_NAME = "$(TARGET_NAME)";
				SWIFT_VERSION = 5.0;
				TARGETED_DEVICE_FAMILY = "1,2";
				TEST_TARGET_NAME = RestContries;
			};
			name = Release;
		};
/* End XCBuildConfiguration section */

/* Begin XCConfigurationList section */
		66688A0F24C111D700F93471 /* Build configuration list for PBXProject "RestContries" */ = {
			isa = XCConfigurationList;
			buildConfigurations = (
				66688A3C24C111DF00F93471 /* Debug */,
				66688A3D24C111DF00F93471 /* Release */,
			);
			defaultConfigurationIsVisible = 0;
			defaultConfigurationName = Release;
		};
		66688A3E24C111DF00F93471 /* Build configuration list for PBXNativeTarget "RestContries" */ = {
			isa = XCConfigurationList;
			buildConfigurations = (
				66688A3F24C111DF00F93471 /* Debug */,
				66688A4024C111DF00F93471 /* Release */,
			);
			defaultConfigurationIsVisible = 0;
			defaultConfigurationName = Release;
		};
		66688A4124C111DF00F93471 /* Build configuration list for PBXNativeTarget "RestContriesTests" */ = {
			isa = XCConfigurationList;
			buildConfigurations = (
				66688A4224C111DF00F93471 /* Debug */,
				66688A4324C111DF00F93471 /* Release */,
			);
			defaultConfigurationIsVisible = 0;
			defaultConfigurationName = Release;
		};
		66688A4424C111DF00F93471 /* Build configuration list for PBXNativeTarget "RestContriesUITests" */ = {
			isa = XCConfigurationList;
			buildConfigurations = (
				66688A4524C111DF00F93471 /* Debug */,
				66688A4624C111DF00F93471 /* Release */,
			);
			defaultConfigurationIsVisible = 0;
			defaultConfigurationName = Release;
		};
/* End XCConfigurationList section */
	};
	rootObject = 66688A0C24C111D700F93471 /* Project object */;
}
